
Microsoft Visual Studio Solution File, Format Version 12.00
# Visual Studio Version 17
VisualStudioVersion = 17.7.34024.191
MinimumVisualStudioVersion = 10.0.40219.1
Project("{FAE04EC0-301F-11D3-BF4B-00C04F79EFBC}") = "Examen3_KeniaHernandez", "Examen3_KeniaHernandez\Examen3_KeniaHernandez.csproj", "{2FF03812-28AE-4FF1-8EB2-0E3351EE133C}"
EndProject
Global
	GlobalSection(SolutionConfigurationPlatforms) = preSolution
		Debug|Any CPU = Debug|Any CPU
		Release|Any CPU = Release|Any CPU
	EndGlobalSection
	GlobalSection(ProjectConfigurationPlatforms) = postSolution
		{2FF03812-28AE-4FF1-8EB2-0E3351EE133C}.Debug|Any CPU.ActiveCfg = Debug|Any CPU
		{2FF03812-28AE-4FF1-8EB2-0E3351EE133C}.Debug|Any CPU.Build.0 = Debug|Any CPU
		{2FF03812-28AE-4FF1-8EB2-0E3351EE133C}.Release|Any CPU.ActiveCfg = Release|Any CPU
		{2FF03812-28AE-4FF1-8EB2-0E3351EE133C}.Release|Any CPU.Build.0 = Release|Any CPU
	EndGlobalSection
	GlobalSection(SolutionProperties) = preSolution
		HideSolutionNode = FALSE
	EndGlobalSection
	GlobalSection(ExtensibilityGlobals) = postSolution
		SolutionGuid = {E38783B0-27CF-4E6A-83AD-890069E30155}
	EndGlobalSection
EndGlobal
